lockfileVersion: '9.0'

settings:
  autoInstallPeers: true
  excludeLinksFromLockfile: false

importers:

  .:
    dependencies:
      '@azure/functions':
        specifier: ^4.8.0
        version: 4.8.0
      '@azure/storage-blob':
        specifier: ^12.28.0
        version: 12.28.0
    devDependencies:
      '@types/node':
        specifier: ^22.10.5
        version: 22.18.8
      typescript:
        specifier: ^5.7.3
        version: 5.9.3

packages:

  '@azure/abort-controller@2.1.2':
    resolution: {integrity: sha512-nBrLsEWm4J2u5LpAPjxADTlq3trDgVZZXHNKabeXZtpq3d3AbN/KGO82R87rdDz5/lYB024rtEf10/q0urNgsA==}
    engines: {node: '>=18.0.0'}

  '@azure/core-auth@1.10.1':
    resolution: {integrity: sha512-ykRMW8PjVAn+RS6ww5cmK9U2CyH9p4Q88YJwvUslfuMmN98w/2rdGRLPqJYObapBCdzBVeDgYWdJnFPFb7qzpg==}
    engines: {node: '>=20.0.0'}

  '@azure/core-client@1.10.1':
    resolution: {integrity: sha512-Nh5PhEOeY6PrnxNPsEHRr9eimxLwgLlpmguQaHKBinFYA/RU9+kOYVOQqOrTsCL+KSxrLLl1gD8Dk5BFW/7l/w==}
    engines: {node: '>=20.0.0'}

  '@azure/core-http-compat@2.3.1':
    resolution: {integrity: sha512-az9BkXND3/d5VgdRRQVkiJb2gOmDU8Qcq4GvjtBmDICNiQ9udFmDk4ZpSB5Qq1OmtDJGlQAfBaS4palFsazQ5g==}
    engines: {node: '>=20.0.0'}

  '@azure/core-lro@2.7.2':
    resolution: {integrity: sha512-0YIpccoX8m/k00O7mDDMdJpbr6mf1yWo2dfmxt5A8XVZVVMz2SSKaEbMCeJRvgQ0IaSlqhjT47p4hVIRRy90xw==}
    engines: {node: '>=18.0.0'}

  '@azure/core-paging@1.6.2':
    resolution: {integrity: sha512-YKWi9YuCU04B55h25cnOYZHxXYtEvQEbKST5vqRga7hWY9ydd3FZHdeQF8pyh+acWZvppw13M/LMGx0LABUVMA==}
    engines: {node: '>=18.0.0'}

  '@azure/core-rest-pipeline@1.22.1':
    resolution: {integrity: sha512-UVZlVLfLyz6g3Hy7GNDpooMQonUygH7ghdiSASOOHy97fKj/mPLqgDX7aidOijn+sCMU+WU8NjlPlNTgnvbcGA==}
    engines: {node: '>=20.0.0'}

  '@azure/core-tracing@1.3.1':
    resolution: {integrity: sha512-9MWKevR7Hz8kNzzPLfX4EAtGM2b8mr50HPDBvio96bURP/9C+HjdH3sBlLSNNrvRAr5/k/svoH457gB5IKpmwQ==}
    engines: {node: '>=20.0.0'}

  '@azure/core-util@1.13.1':
    resolution: {integrity: sha512-XPArKLzsvl0Hf0CaGyKHUyVgF7oDnhKoP85Xv6M4StF/1AhfORhZudHtOyf2s+FcbuQ9dPRAjB8J2KvRRMUK2A==}
    engines: {node: '>=20.0.0'}

  '@azure/core-xml@1.5.0':
    resolution: {integrity: sha512-D/sdlJBMJfx7gqoj66PKVmhDDaU6TKA49ptcolxdas29X7AfvLTmfAGLjAcIMBK7UZ2o4lygHIqVckOlQU3xWw==}
    engines: {node: '>=20.0.0'}

  '@azure/functions@4.8.0':
    resolution: {integrity: sha512-LNtl3xZNE40vE7+SIST+GYQX5cnnI1M65fXPi26l9XCdPakuQrz54lHv+qQQt1GG5JbqLfQk75iM7A6Y9O+2dQ==}
    engines: {node: '>=18.0'}

  '@azure/logger@1.3.0':
    resolution: {integrity: sha512-fCqPIfOcLE+CGqGPd66c8bZpwAji98tZ4JI9i/mlTNTlsIWslCfpg48s/ypyLxZTump5sypjrKn2/kY7q8oAbA==}
    engines: {node: '>=20.0.0'}

  '@azure/storage-blob@12.28.0':
    resolution: {integrity: sha512-VhQHITXXO03SURhDiGuHhvc/k/sD2WvJUS7hqhiVNbErVCuQoLtWql7r97fleBlIRKHJaa9R7DpBjfE0pfLYcA==}
    engines: {node: '>=20.0.0'}

  '@azure/storage-common@12.0.0':
    resolution: {integrity: sha512-QyEWXgi4kdRo0wc1rHum9/KnaWZKCdQGZK1BjU4fFL6Jtedp7KLbQihgTTVxldFy1z1ZPtuDPx8mQ5l3huPPbA==}
    engines: {node: '>=20.0.0'}

  '@fastify/busboy@2.1.1':
    resolution: {integrity: sha512-vBZP4NlzfOlerQTnba4aqZoMhE/a9HY7HRqoOPaETQcSQuWEIyZMHGfVu6w9wGtGK5fED5qRs2DteVCjOH60sA==}
    engines: {node: '>=14'}

  '@types/node@22.18.8':
    resolution: {integrity: sha512-pAZSHMiagDR7cARo/cch1f3rXy0AEXwsVsVH09FcyeJVAzCnGgmYis7P3JidtTUjyadhTeSo8TgRPswstghDaw==}

  '@typespec/ts-http-runtime@0.3.1':
    resolution: {integrity: sha512-SnbaqayTVFEA6/tYumdF0UmybY0KHyKwGPBXnyckFlrrKdhWFrL3a2HIPXHjht5ZOElKGcXfD2D63P36btb+ww==}
    engines: {node: '>=20.0.0'}

  agent-base@7.1.4:
    resolution: {integrity: sha512-MnA+YT8fwfJPgBx3m60MNqakm30XOkyIoH1y6huTQvC0PwZG7ki8NacLBcrPbNoo8vEZy7Jpuk7+jMO+CUovTQ==}
    engines: {node: '>= 14'}

  cookie@0.7.2:
    resolution: {integrity: sha512-yki5XnKuf750l50uGTllt6kKILY4nQ1eNIQatoXEByZ5dWgnKqbnqmTrBE5B4N7lrMJKQ2ytWMiTO2o0v6Ew/w==}
    engines: {node: '>= 0.6'}

  debug@4.4.3:
    resolution: {integrity: sha512-RGwwWnwQvkVfavKVt22FGLw+xYSdzARwm0ru6DhTVA3umU5hZc28V3kO4stgYryrTlLpuvgI9GiijltAjNbcqA==}
    engines: {node: '>=6.0'}
    peerDependencies:
      supports-color: '*'
    peerDependenciesMeta:
      supports-color:
        optional: true

  events@3.3.0:
    resolution: {integrity: sha512-mQw+2fkQbALzQ7V0MY0IqdnXNOeTtP4r0lN9z7AAawCXgqea7bDii20AYrIBrFd/Hx0M2Ocz6S111CaFkUcb0Q==}
    engines: {node: '>=0.8.x'}

  fast-xml-parser@5.2.5:
    resolution: {integrity: sha512-pfX9uG9Ki0yekDHx2SiuRIyFdyAr1kMIMitPvb0YBo8SUfKvia7w7FIyd/l6av85pFYRhZscS75MwMnbvY+hcQ==}
    hasBin: true

  http-proxy-agent@7.0.2:
    resolution: {integrity: sha512-T1gkAiYYDWYx3V5Bmyu7HcfcvL7mUrTWiM6yOfa3PIphViJ/gFPbvidQ+veqSOHci/PxBcDabeUNCzpOODJZig==}
    engines: {node: '>= 14'}

  https-proxy-agent@7.0.6:
    resolution: {integrity: sha512-vK9P5/iUfdl95AI+JVyUuIcVtd4ofvtrOr3HNtM2yxC9bnMbEdp3x01OhQNnjb8IJYi38VlTE3mBXwcfvywuSw==}
    engines: {node: '>= 14'}

  long@4.0.0:
    resolution: {integrity: sha512-XsP+KhQif4bjX1kbuSiySJFNAehNxgLb6hPRGJ9QsUr8ajHkuXGdrHmFUTUUXhDwVX2R5bY4JNZEwbUiMhV+MA==}

  ms@2.1.3:
    resolution: {integrity: sha512-6FlzubTLZG3J2a/NVCAleEhjzq5oxgHyaCU9yYXvcLsvoVaHJq/s5xXI6/XXP6tz7R9xAOtHnSO/tXtF3WRTlA==}

  strnum@2.1.1:
    resolution: {integrity: sha512-7ZvoFTiCnGxBtDqJ//Cu6fWtZtc7Y3x+QOirG15wztbdngGSkht27o2pyGWrVy0b4WAy3jbKmnoK6g5VlVNUUw==}

  tslib@2.8.1:
    resolution: {integrity: sha512-oJFu94HQb+KVduSUQL7wnpmqnfmLsOA/nAh6b6EH0wCEoK0/mPeXU6c3wKDV83MkOuHPRHtSXKKU99IBazS/2w==}

  typescript@5.9.3:
    resolution: {integrity: sha512-jl1vZzPDinLr9eUt3J/t7V6FgNEw9QjvBPdysz9KfQDD41fQrC2Y4vKQdiaUpFT4bXlb1RHhLpp8wtm6M5TgSw==}
    engines: {node: '>=14.17'}
    hasBin: true

  undici-types@6.21.0:
    resolution: {integrity: sha512-iwDZqg0QAGrg9Rav5H4n0M64c3mkR59cJ6wQp+7C4nI0gsmExaedaYLNO44eT4AtBBwjbTiGPMlt2Md0T9H9JQ==}

  undici@5.29.0:
    resolution: {integrity: sha512-raqeBD6NQK4SkWhQzeYKd1KmIG6dllBOTt55Rmkt4HtI9mwdWtJljnrXjAFUBLTSN67HWrOIZ3EPF4kjUw80Bg==}
    engines: {node: '>=14.0'}

snapshots:

  '@azure/abort-controller@2.1.2':
    dependencies:
      tslib: 2.8.1

  '@azure/core-auth@1.10.1':
    dependencies:
      '@azure/abort-controller': 2.1.2
      '@azure/core-util': 1.13.1
      tslib: 2.8.1
    transitivePeerDependencies:
      - supports-color

  '@azure/core-client@1.10.1':
    dependencies:
      '@azure/abort-controller': 2.1.2
      '@azure/core-auth': 1.10.1
      '@azure/core-rest-pipeline': 1.22.1
      '@azure/core-tracing': 1.3.1
      '@azure/core-util': 1.13.1
      '@azure/logger': 1.3.0
      tslib: 2.8.1
    transitivePeerDependencies:
      - supports-color

  '@azure/core-http-compat@2.3.1':
    dependencies:
      '@azure/abort-controller': 2.1.2
      '@azure/core-client': 1.10.1
      '@azure/core-rest-pipeline': 1.22.1
    transitivePeerDependencies:
      - supports-color

  '@azure/core-lro@2.7.2':
    dependencies:
      '@azure/abort-controller': 2.1.2
      '@azure/core-util': 1.13.1
      '@azure/logger': 1.3.0
      tslib: 2.8.1
    transitivePeerDependencies:
      - supports-color

  '@azure/core-paging@1.6.2':
    dependencies:
      tslib: 2.8.1

  '@azure/core-rest-pipeline@1.22.1':
    dependencies:
      '@azure/abort-controller': 2.1.2
      '@azure/core-auth': 1.10.1
      '@azure/core-tracing': 1.3.1
      '@azure/core-util': 1.13.1
      '@azure/logger': 1.3.0
      '@typespec/ts-http-runtime': 0.3.1
      tslib: 2.8.1
    transitivePeerDependencies:
      - supports-color

  '@azure/core-tracing@1.3.1':
    dependencies:
      tslib: 2.8.1

  '@azure/core-util@1.13.1':
    dependencies:
      '@azure/abort-controller': 2.1.2
      '@typespec/ts-http-runtime': 0.3.1
      tslib: 2.8.1
    transitivePeerDependencies:
      - supports-color

  '@azure/core-xml@1.5.0':
    dependencies:
      fast-xml-parser: 5.2.5
      tslib: 2.8.1

  '@azure/functions@4.8.0':
    dependencies:
      cookie: 0.7.2
      long: 4.0.0
      undici: 5.29.0

  '@azure/logger@1.3.0':
    dependencies:
      '@typespec/ts-http-runtime': 0.3.1
      tslib: 2.8.1
    transitivePeerDependencies:
      - supports-color

  '@azure/storage-blob@12.28.0':
    dependencies:
      '@azure/abort-controller': 2.1.2
      '@azure/core-auth': 1.10.1
      '@azure/core-client': 1.10.1
      '@azure/core-http-compat': 2.3.1
      '@azure/core-lro': 2.7.2
      '@azure/core-paging': 1.6.2
      '@azure/core-rest-pipeline': 1.22.1
      '@azure/core-tracing': 1.3.1
      '@azure/core-util': 1.13.1
      '@azure/core-xml': 1.5.0
      '@azure/logger': 1.3.0
      '@azure/storage-common': 12.0.0
      events: 3.3.0
      tslib: 2.8.1
    transitivePeerDependencies:
      - supports-color

  '@azure/storage-common@12.0.0':
    dependencies:
      '@azure/abort-controller': 2.1.2
      '@azure/core-auth': 1.10.1
      '@azure/core-http-compat': 2.3.1
      '@azure/core-rest-pipeline': 1.22.1
      '@azure/core-tracing': 1.3.1
      '@azure/core-util': 1.13.1
      '@azure/logger': 1.3.0
      events: 3.3.0
      tslib: 2.8.1
    transitivePeerDependencies:
      - supports-color

  '@fastify/busboy@2.1.1': {}

  '@types/node@22.18.8':
    dependencies:
      undici-types: 6.21.0

  '@typespec/ts-http-runtime@0.3.1':
    dependencies:
      http-proxy-agent: 7.0.2
      https-proxy-agent: 7.0.6
      tslib: 2.8.1
    transitivePeerDependencies:
      - supports-color

  agent-base@7.1.4: {}

  cookie@0.7.2: {}

  debug@4.4.3:
    dependencies:
      ms: 2.1.3

  events@3.3.0: {}

  fast-xml-parser@5.2.5:
    dependencies:
      strnum: 2.1.1

  http-proxy-agent@7.0.2:
    dependencies:
      agent-base: 7.1.4
      debug: 4.4.3
    transitivePeerDependencies:
      - supports-color

  https-proxy-agent@7.0.6:
    dependencies:
      agent-base: 7.1.4
      debug: 4.4.3
    transitivePeerDependencies:
      - supports-color

  long@4.0.0: {}

  ms@2.1.3: {}

  strnum@2.1.1: {}

  tslib@2.8.1: {}

  typescript@5.9.3: {}

  undici-types@6.21.0: {}

  undici@5.29.0:
    dependencies:
      '@fastify/busboy': 2.1.1
